// !$*UTF8*$!
{
	archiveVersion = 1;
	classes = {
	};
	objectVersion = 56;
	objects = {

/* Begin PBXBuildFile section */
		AA000001 /* PosePrompterApp.swift in Sources */ = {isa = PBXBuildFile; fileRef = AB000001; };
		AA000002 /* PromptCategory.swift in Sources */ = {isa = PBXBuildFile; fileRef = AB000002; };
		AA000003 /* PromptState.swift in Sources */ = {isa = PBXBuildFile; fileRef = AB000003; };
		AA000004 /* MainView.swift in Sources */ = {isa = PBXBuildFile; fileRef = AB000004; };
		AA000005 /* CategoryPickerView.swift in Sources */ = {isa = PBXBuildFile; fileRef = AB000005; };
		AA000006 /* PromptPreviewView.swift in Sources */ = {isa = PBXBuildFile; fileRef = AB000006; };
		AA000007 /* Theme.swift in Sources */ = {isa = PBXBuildFile; fileRef = AB000007; };
		AA000008 /* SettingsView.swift in Sources */ = {isa = PBXBuildFile; fileRef = AB000008; };
		AA000009 /* DiscoverPost.swift in Sources */ = {isa = PBXBuildFile; fileRef = AB000009; };
		AA000010 /* DiscoverView.swift in Sources */ = {isa = PBXBuildFile; fileRef = AB000010; };
		AA000011 /* HapticManager.swift in Sources */ = {isa = PBXBuildFile; fileRef = AB000011; };
		AA000012 /* ImageCache.swift in Sources */ = {isa = PBXBuildFile; fileRef = AB000012; };
		AA000013 /* PromptHistory.swift in Sources */ = {isa = PBXBuildFile; fileRef = AB000013; };
		AA000014 /* SavedTemplate.swift in Sources */ = {isa = PBXBuildFile; fileRef = AB000014; };
		AA000015 /* HistoryView.swift in Sources */ = {isa = PBXBuildFile; fileRef = AB000015; };
		AA000016 /* SavedTemplatesView.swift in Sources */ = {isa = PBXBuildFile; fileRef = AB000016; };
		AA000017 /* ShareCardView.swift in Sources */ = {isa = PBXBuildFile; fileRef = AB000017; };
		AA000018 /* CreateView.swift in Sources */ = {isa = PBXBuildFile; fileRef = AB000018; };
		AA000019 /* AuthManager.swift in Sources */ = {isa = PBXBuildFile; fileRef = AB000019; };
		AA000020 /* APIService.swift in Sources */ = {isa = PBXBuildFile; fileRef = AB000020; };
		AA000021 /* StoreManager.swift in Sources */ = {isa = PBXBuildFile; fileRef = AB000021; };
		AA000022 /* GeneratedImage.swift in Sources */ = {isa = PBXBuildFile; fileRef = AB000022; };
		AA000023 /* GalleryView.swift in Sources */ = {isa = PBXBuildFile; fileRef = AB000023; };
		AA000024 /* ReviewManager.swift in Sources */ = {isa = PBXBuildFile; fileRef = AB000024; };
		AA000025 /* AppConfig.swift in Sources */ = {isa = PBXBuildFile; fileRef = AB000026; };
		AA000031 /* GoogleService-Info.plist in Resources */ = {isa = PBXBuildFile; fileRef = AB000025; };
		AA000030 /* Assets.xcassets in Resources */ = {isa = PBXBuildFile; fileRef = AB000030; };
		AA100001 /* PosePrompterWidget.swift in Sources */ = {isa = PBXBuildFile; fileRef = AB100001; };
		AA100002 /* WidgetKit.framework in Frameworks */ = {isa = PBXBuildFile; fileRef = AB100010; };
		AA100003 /* SwiftUI.framework in Frameworks */ = {isa = PBXBuildFile; fileRef = AB100011; };
		AA100004 /* PosePrompterWidgetExtension.appex in Embed Foundation Extensions */ = {isa = PBXBuildFile; fileRef = AC100001; settings = {ATTRIBUTES = (RemoveHeadersOnCopy, ); }; };
/* End PBXBuildFile section */

/* Begin PBXFileReference section */
		AB000001 /* PosePrompterApp.swift */ = {isa = PBXFileReference; lastKnownFileType = sourcecode.swift; path = PosePrompterApp.swift; sourceTree = "<group>"; };
		AB000002 /* PromptCategory.swift */ = {isa = PBXFileReference; lastKnownFileType = sourcecode.swift; path = PromptCategory.swift; sourceTree = "<group>"; };
		AB000003 /* PromptState.swift */ = {isa = PBXFileReference; lastKnownFileType = sourcecode.swift; path = PromptState.swift; sourceTree = "<group>"; };
		AB000004 /* MainView.swift */ = {isa = PBXFileReference; lastKnownFileType = sourcecode.swift; path = MainView.swift; sourceTree = "<group>"; };
		AB000005 /* CategoryPickerView.swift */ = {isa = PBXFileReference; lastKnownFileType = sourcecode.swift; path = CategoryPickerView.swift; sourceTree = "<group>"; };
		AB000006 /* PromptPreviewView.swift */ = {isa = PBXFileReference; lastKnownFileType = sourcecode.swift; path = PromptPreviewView.swift; sourceTree = "<group>"; };
		AB000007 /* Theme.swift */ = {isa = PBXFileReference; lastKnownFileType = sourcecode.swift; path = Theme.swift; sourceTree = "<group>"; };
		AB000008 /* SettingsView.swift */ = {isa = PBXFileReference; lastKnownFileType = sourcecode.swift; path = SettingsView.swift; sourceTree = "<group>"; };
		AB000009 /* DiscoverPost.swift */ = {isa = PBXFileReference; lastKnownFileType = sourcecode.swift; path = DiscoverPost.swift; sourceTree = "<group>"; };
		AB000010 /* DiscoverView.swift */ = {isa = PBXFileReference; lastKnownFileType = sourcecode.swift; path = DiscoverView.swift; sourceTree = "<group>"; };
		AB000011 /* HapticManager.swift */ = {isa = PBXFileReference; lastKnownFileType = sourcecode.swift; path = HapticManager.swift; sourceTree = "<group>"; };
		AB000012 /* ImageCache.swift */ = {isa = PBXFileReference; lastKnownFileType = sourcecode.swift; path = ImageCache.swift; sourceTree = "<group>"; };
		AB000013 /* PromptHistory.swift */ = {isa = PBXFileReference; lastKnownFileType = sourcecode.swift; path = PromptHistory.swift; sourceTree = "<group>"; };
		AB000014 /* SavedTemplate.swift */ = {isa = PBXFileReference; lastKnownFileType = sourcecode.swift; path = SavedTemplate.swift; sourceTree = "<group>"; };
		AB000015 /* HistoryView.swift */ = {isa = PBXFileReference; lastKnownFileType = sourcecode.swift; path = HistoryView.swift; sourceTree = "<group>"; };
		AB000016 /* SavedTemplatesView.swift */ = {isa = PBXFileReference; lastKnownFileType = sourcecode.swift; path = SavedTemplatesView.swift; sourceTree = "<group>"; };
		AB000017 /* ShareCardView.swift */ = {isa = PBXFileReference; lastKnownFileType = sourcecode.swift; path = ShareCardView.swift; sourceTree = "<group>"; };
		AB000018 /* CreateView.swift */ = {isa = PBXFileReference; lastKnownFileType = sourcecode.swift; path = CreateView.swift; sourceTree = "<group>"; };
		AB000019 /* AuthManager.swift */ = {isa = PBXFileReference; lastKnownFileType = sourcecode.swift; path = AuthManager.swift; sourceTree = "<group>"; };
		AB000020 /* APIService.swift */ = {isa = PBXFileReference; lastKnownFileType = sourcecode.swift; path = APIService.swift; sourceTree = "<group>"; };
		AB000021 /* StoreManager.swift */ = {isa = PBXFileReference; lastKnownFileType = sourcecode.swift; path = StoreManager.swift; sourceTree = "<group>"; };
		AB000022 /* GeneratedImage.swift */ = {isa = PBXFileReference; lastKnownFileType = sourcecode.swift; path = GeneratedImage.swift; sourceTree = "<group>"; };
		AB000023 /* GalleryView.swift */ = {isa = PBXFileReference; lastKnownFileType = sourcecode.swift; path = GalleryView.swift; sourceTree = "<group>"; };
		AB000024 /* ReviewManager.swift */ = {isa = PBXFileReference; lastKnownFileType = sourcecode.swift; path = ReviewManager.swift; sourceTree = "<group>"; };
		AB000026 /* AppConfig.swift */ = {isa = PBXFileReference; lastKnownFileType = sourcecode.swift; path = AppConfig.swift; sourceTree = "<group>"; };
		AB000030 /* Assets.xcassets */ = {isa = PBXFileReference; lastKnownFileType = folder.assetcatalog; path = Assets.xcassets; sourceTree = "<group>"; };
		AB000025 /* GoogleService-Info.plist */ = {isa = PBXFileReference; lastKnownFileType = text.plist.xml; path = GoogleService-Info.plist; sourceTree = "<group>"; };
		AC000001 /* PosePrompterApp.app */ = {isa = PBXFileReference; explicitFileType = wrapper.application; includeInIndex = 0; path = PosePrompterApp.app; sourceTree = BUILT_PRODUCTS_DIR; };
		AB100001 /* PosePrompterWidget.swift */ = {isa = PBXFileReference; lastKnownFileType = sourcecode.swift; path = PosePrompterWidget.swift; sourceTree = "<group>"; };
		AB100010 /* WidgetKit.framework */ = {isa = PBXFileReference; lastKnownFileType = wrapper.framework; name = WidgetKit.framework; path = System/Library/Frameworks/WidgetKit.framework; sourceTree = SDKROOT; };
		AB100011 /* SwiftUI.framework */ = {isa = PBXFileReference; lastKnownFileType = wrapper.framework; name = SwiftUI.framework; path = System/Library/Frameworks/SwiftUI.framework; sourceTree = SDKROOT; };
		AC100001 /* PosePrompterWidgetExtension.appex */ = {isa = PBXFileReference; explicitFileType = "wrapper.app-extension"; includeInIndex = 0; path = PosePrompterWidgetExtension.appex; sourceTree = BUILT_PRODUCTS_DIR; };
/* End PBXFileReference section */

/* Begin PBXFrameworksBuildPhase section */
		AD000001 /* Frameworks */ = {
			isa = PBXFrameworksBuildPhase;
			buildActionMask = 2147483647;
			files = (
			);
			runOnlyForDeploymentPostprocessing = 0;
		};
/* End PBXFrameworksBuildPhase section */

/* Begin PBXGroup section */
		AE000001 = {
			isa = PBXGroup;
			children = (
				AE000002 /* PosePrompterApp */,
				AE100001 /* PosePrompterWidget */,
				AE100002 /* Frameworks */,
				AE000006 /* Products */,
			);
			sourceTree = "<group>";
		};
		AE100001 /* PosePrompterWidget */ = {
			isa = PBXGroup;
			children = (
				AB100001 /* PosePrompterWidget.swift */,
			);
			path = PosePrompterWidget;
			sourceTree = "<group>";
		};
		AE100002 /* Frameworks */ = {
			isa = PBXGroup;
			children = (
				AB100010 /* WidgetKit.framework */,
				AB100011 /* SwiftUI.framework */,
			);
			name = Frameworks;
			sourceTree = "<group>";
		};
		AE000002 /* PosePrompterApp */ = {
			isa = PBXGroup;
			children = (
				AE000003 /* App */,
				AE000004 /* Models */,
				AE000005 /* Screens */,
				AE000007 /* Shared */,
				AB000030 /* Assets.xcassets */,
				AB000025 /* GoogleService-Info.plist */,
			);
			path = PosePrompterApp;
			sourceTree = "<group>";
		};
		AE000003 /* App */ = {
			isa = PBXGroup;
			children = (
				AB000001 /* PosePrompterApp.swift */,
			);
			path = App;
			sourceTree = "<group>";
		};
		AE000004 /* Models */ = {
			isa = PBXGroup;
			children = (
				AB000002 /* PromptCategory.swift */,
				AB000003 /* PromptState.swift */,
				AB000009 /* DiscoverPost.swift */,
				AB000013 /* PromptHistory.swift */,
				AB000014 /* SavedTemplate.swift */,
				AB000022 /* GeneratedImage.swift */,
			);
			path = Models;
			sourceTree = "<group>";
		};
		AE000005 /* Screens */ = {
			isa = PBXGroup;
			children = (
				AB000004 /* MainView.swift */,
				AB000005 /* CategoryPickerView.swift */,
				AB000006 /* PromptPreviewView.swift */,
				AB000008 /* SettingsView.swift */,
				AB000010 /* DiscoverView.swift */,
				AB000015 /* HistoryView.swift */,
				AB000016 /* SavedTemplatesView.swift */,
				AB000017 /* ShareCardView.swift */,
				AB000018 /* CreateView.swift */,
				AB000023 /* GalleryView.swift */,
			);
			path = Screens;
			sourceTree = "<group>";
		};
		AE000006 /* Products */ = {
			isa = PBXGroup;
			children = (
		AC000001 /* PosePrompterApp.app */,
				AC100001 /* PosePrompterWidgetExtension.appex */,
			);
			name = Products;
			sourceTree = "<group>";
		};
			AE000007 /* Shared */ = {
				isa = PBXGroup;
				children = (
					AB000007 /* Theme.swift */,
					AB000011 /* HapticManager.swift */,
					AB000012 /* ImageCache.swift */,
					AB000026 /* AppConfig.swift */,
					AB000019 /* AuthManager.swift */,
					AB000020 /* APIService.swift */,
					AB000021 /* StoreManager.swift */,
					AB000024 /* ReviewManager.swift */,
				);
			path = Shared;
			sourceTree = "<group>";
		};
/* End PBXGroup section */

/* Begin PBXNativeTarget section */
		AF000001 /* PosePrompterApp */ = {
			isa = PBXNativeTarget;
			buildConfigurationList = B1000001 /* Build configuration list for PBXNativeTarget "PosePrompterApp" */;
			buildPhases = (
				B0000001 /* Sources */,
				AD000001 /* Frameworks */,
				B0000002 /* Resources */,
				B0100001 /* Embed Foundation Extensions */,
			);
			buildRules = (
			);
			dependencies = (
				DE100001 /* PBXTargetDependency */,
			);
			name = PosePrompterApp;
			productName = PosePrompterApp;
			productReference = AC000001 /* PosePrompterApp.app */;
			productType = "com.apple.product-type.application";
		};
		AF100001 /* PosePrompterWidgetExtension */ = {
			isa = PBXNativeTarget;
			buildConfigurationList = B1100001 /* Build configuration list for PBXNativeTarget "PosePrompterWidgetExtension" */;
			buildPhases = (
				B0100010 /* Sources */,
				AD100001 /* Frameworks */,
				B0100011 /* Resources */,
			);
			buildRules = (
			);
			dependencies = (
			);
			name = PosePrompterWidgetExtension;
			productName = PosePrompterWidgetExtension;
			productReference = AC100001 /* PosePrompterWidgetExtension.appex */;
			productType = "com.apple.product-type.app-extension";
		};
/* End PBXNativeTarget section */


/* Begin PBXCopyFilesBuildPhase section */
		B0100001 /* Embed Foundation Extensions */ = {
			isa = PBXCopyFilesBuildPhase;
			buildActionMask = 2147483647;
			dstPath = "";
			dstSubfolderSpec = 13;
			files = (
				AA100004 /* PosePrompterWidgetExtension.appex in Embed Foundation Extensions */,
			);
			name = "Embed Foundation Extensions";
			runOnlyForDeploymentPostprocessing = 0;
		};
/* End PBXCopyFilesBuildPhase section */

/* Begin PBXContainerItemProxy section */
		CP100001 /* PBXContainerItemProxy */ = {
			isa = PBXContainerItemProxy;
			containerPortal = B2000001 /* Project object */;
			proxyType = 1;
			remoteGlobalIDString = AF100001;
			remoteInfo = PosePrompterWidgetExtension;
		};
/* End PBXContainerItemProxy section */

/* Begin PBXTargetDependency section */
		DE100001 /* PBXTargetDependency */ = {
			isa = PBXTargetDependency;
			target = AF100001 /* PosePrompterWidgetExtension */;
			targetProxy = CP100001 /* PBXContainerItemProxy */;
		};
/* End PBXTargetDependency section */

/* Begin PBXProject section */
		B2000001 /* Project object */ = {
			isa = PBXProject;
			attributes = {
				BuildIndependentTargetsInParallel = 1;
				LastSwiftUpdateCheck = 1600;
				LastUpgradeCheck = 1600;
				TargetAttributes = {
					AF000001 = {
						CreatedOnToolsVersion = 16.0;
					};
				};
			};
			buildConfigurationList = B1000002 /* Build configuration list for PBXProject "PosePrompterApp" */;
			compatibilityVersion = "Xcode 14.0";
			developmentRegion = en;
			hasScannedForEncodings = 0;
			knownRegions = (
				en,
				Base,
			);
			mainGroup = AE000001;
			productRefGroup = AE000006 /* Products */;
			projectDirPath = "";
			projectRoot = "";
			targets = (
				AF000001 /* PosePrompterApp */,
				AF100001 /* PosePrompterWidgetExtension */,
			);
		};
/* End PBXProject section */

/* Begin PBXResourcesBuildPhase section */
		B0000002 /* Resources */ = {
			isa = PBXResourcesBuildPhase;
			buildActionMask = 2147483647;
			files = (
				AA000030 /* Assets.xcassets in Resources */,
			);
			runOnlyForDeploymentPostprocessing = 0;
		};
/* End PBXResourcesBuildPhase section */

/* Begin PBXSourcesBuildPhase section */
		B0000001 /* Sources */ = {
			isa = PBXSourcesBuildPhase;
			buildActionMask = 2147483647;
			files = (
				AA000001 /* PosePrompterApp.swift in Sources */,
				AA000002 /* PromptCategory.swift in Sources */,
				AA000003 /* PromptState.swift in Sources */,
				AA000004 /* MainView.swift in Sources */,
				AA000005 /* CategoryPickerView.swift in Sources */,
				AA000006 /* PromptPreviewView.swift in Sources */,
				AA000007 /* Theme.swift in Sources */,
				AA000008 /* SettingsView.swift in Sources */,
				AA000009 /* DiscoverPost.swift in Sources */,
				AA000010 /* DiscoverView.swift in Sources */,
				AA000011 /* HapticManager.swift in Sources */,
				AA000012 /* ImageCache.swift in Sources */,
				AA000013 /* PromptHistory.swift in Sources */,
				AA000014 /* SavedTemplate.swift in Sources */,
				AA000015 /* HistoryView.swift in Sources */,
				AA000016 /* SavedTemplatesView.swift in Sources */,
				AA000017 /* ShareCardView.swift in Sources */,
				AA000018 /* CreateView.swift in Sources */,
				AA000019 /* AuthManager.swift in Sources */,
				AA000020 /* APIService.swift in Sources */,
					AA000021 /* StoreManager.swift in Sources */,
					AA000022 /* GeneratedImage.swift in Sources */,
					AA000023 /* GalleryView.swift in Sources */,
					AA000024 /* ReviewManager.swift in Sources */,
					AA000025 /* AppConfig.swift in Sources */,
					AA000031 /* GoogleService-Info.plist in Resources */,
				);
			runOnlyForDeploymentPostprocessing = 0;
		};
/* End PBXSourcesBuildPhase section */
		B0100010 /* Sources */ = {
			isa = PBXSourcesBuildPhase;
			buildActionMask = 2147483647;
			files = (
				AA100001 /* PosePrompterWidget.swift in Sources */,
			);
			runOnlyForDeploymentPostprocessing = 0;
		};
		AD100001 /* Frameworks */ = {
			isa = PBXFrameworksBuildPhase;
			buildActionMask = 2147483647;
			files = (
				AA100002 /* WidgetKit.framework in Frameworks */,
				AA100003 /* SwiftUI.framework in Frameworks */,
			);
			runOnlyForDeploymentPostprocessing = 0;
		};
		B0100011 /* Resources */ = {
			isa = PBXResourcesBuildPhase;
			buildActionMask = 2147483647;
			files = (
			);
			runOnlyForDeploymentPostprocessing = 0;
		};


/* Begin XCBuildConfiguration section */
		B3000001 /* Debug */ = {
			isa = XCBuildConfiguration;
			buildSettings = {
				ALWAYS_SEARCH_USER_PATHS = NO;
				ASSETCATALOG_COMPILER_GENERATE_SWIFT_ASSET_SYMBOL_EXTENSIONS = YES;
				CLANG_ANALYZER_NONNULL = YES;
				CLANG_CXX_LANGUAGE_STANDARD = "gnu++20";
				CLANG_ENABLE_MODULES = YES;
				CLANG_ENABLE_OBJC_ARC = YES;
				CLANG_WARN_BLOCK_CAPTURE_AUTORELEASING = YES;
				CLANG_WARN_BOOL_CONVERSION = YES;
				CLANG_WARN_COMMA = YES;
				CLANG_WARN_CONSTANT_CONVERSION = YES;
				CLANG_WARN_DEPRECATED_OBJC_IMPLEMENTATIONS = YES;
				CLANG_WARN_DIRECT_OBJC_ISA_USAGE = YES_ERROR;
				CLANG_WARN_EMPTY_BODY = YES;
				CLANG_WARN_ENUM_CONVERSION = YES;
				CLANG_WARN_INFINITE_RECURSION = YES;
				CLANG_WARN_INT_CONVERSION = YES;
				CLANG_WARN_NON_LITERAL_NULL_CONVERSION = YES;
				CLANG_WARN_OBJC_IMPLICIT_RETAIN_SELF = YES;
				CLANG_WARN_OBJC_LITERAL_CONVERSION = YES;
				CLANG_WARN_OBJC_ROOT_CLASS = YES_ERROR;
				CLANG_WARN_QUOTED_INCLUDE_IN_FRAMEWORK_HEADER = YES;
				CLANG_WARN_RANGE_LOOP_ANALYSIS = YES;
				CLANG_WARN_STRICT_PROTOTYPES = YES;
				CLANG_WARN_SUSPICIOUS_MOVE = YES;
				CLANG_WARN_UNGUARDED_AVAILABILITY = YES_AGGRESSIVE;
				CLANG_WARN_UNREACHABLE_CODE = YES;
				CLANG_WARN__DUPLICATE_METHOD_MATCH = YES;
				COPY_PHASE_STRIP = NO;
				DEBUG_INFORMATION_FORMAT = dwarf;
				ENABLE_STRICT_OBJC_MSGSEND = YES;
				ENABLE_TESTABILITY = YES;
				GCC_DYNAMIC_NO_PIC = NO;
				GCC_NO_COMMON_BLOCKS = YES;
				GCC_OPTIMIZATION_LEVEL = 0;
				GCC_PREPROCESSOR_DEFINITIONS = (
					"DEBUG=1",
					"$(inherited)",
				);
				GCC_WARN_64_TO_32_BIT_CONVERSION = YES;
				GCC_WARN_ABOUT_RETURN_TYPE = YES_ERROR;
				GCC_WARN_UNDECLARED_SELECTOR = YES;
				GCC_WARN_UNINITIALIZED_AUTOS = YES_AGGRESSIVE;
				GCC_WARN_UNUSED_FUNCTION = YES;
				GCC_WARN_UNUSED_VARIABLE = YES;
				IPHONEOS_DEPLOYMENT_TARGET = 17.0;
				MTL_ENABLE_DEBUG_INFO = INCLUDE_SOURCE;
				MTL_FAST_MATH = YES;
				ONLY_ACTIVE_ARCH = YES;
				SDKROOT = iphoneos;
				SWIFT_ACTIVE_COMPILATION_CONDITIONS = "DEBUG $(inherited)";
				SWIFT_OPTIMIZATION_LEVEL = "-Onone";
				SWIFT_VERSION = 5.0;
			};
			name = Debug;
		};
		B3000002 /* Release */ = {
			isa = XCBuildConfiguration;
			buildSettings = {
				ALWAYS_SEARCH_USER_PATHS = NO;
				ASSETCATALOG_COMPILER_GENERATE_SWIFT_ASSET_SYMBOL_EXTENSIONS = YES;
				CLANG_ANALYZER_NONNULL = YES;
				CLANG_CXX_LANGUAGE_STANDARD = "gnu++20";
				CLANG_ENABLE_MODULES = YES;
				CLANG_ENABLE_OBJC_ARC = YES;
				CLANG_WARN_BLOCK_CAPTURE_AUTORELEASING = YES;
				CLANG_WARN_BOOL_CONVERSION = YES;
				CLANG_WARN_COMMA = YES;
				CLANG_WARN_CONSTANT_CONVERSION = YES;
				CLANG_WARN_DEPRECATED_OBJC_IMPLEMENTATIONS = YES;
				CLANG_WARN_DIRECT_OBJC_ISA_USAGE = YES_ERROR;
				CLANG_WARN_EMPTY_BODY = YES;
				CLANG_WARN_ENUM_CONVERSION = YES;
				CLANG_WARN_INFINITE_RECURSION = YES;
				CLANG_WARN_INT_CONVERSION = YES;
				CLANG_WARN_NON_LITERAL_NULL_CONVERSION = YES;
				CLANG_WARN_OBJC_IMPLICIT_RETAIN_SELF = YES;
				CLANG_WARN_OBJC_LITERAL_CONVERSION = YES;
				CLANG_WARN_OBJC_ROOT_CLASS = YES_ERROR;
				CLANG_WARN_QUOTED_INCLUDE_IN_FRAMEWORK_HEADER = YES;
				CLANG_WARN_RANGE_LOOP_ANALYSIS = YES;
				CLANG_WARN_STRICT_PROTOTYPES = YES;
				CLANG_WARN_SUSPICIOUS_MOVE = YES;
				CLANG_WARN_UNGUARDED_AVAILABILITY = YES_AGGRESSIVE;
				CLANG_WARN_UNREACHABLE_CODE = YES;
				CLANG_WARN__DUPLICATE_METHOD_MATCH = YES;
				COPY_PHASE_STRIP = NO;
				DEBUG_INFORMATION_FORMAT = "dwarf-with-dsym";
				ENABLE_NS_ASSERTIONS = NO;
				ENABLE_STRICT_OBJC_MSGSEND = YES;
				GCC_NO_COMMON_BLOCKS = YES;
				GCC_WARN_64_TO_32_BIT_CONVERSION = YES;
				GCC_WARN_ABOUT_RETURN_TYPE = YES_ERROR;
				GCC_WARN_UNDECLARED_SELECTOR = YES;
				GCC_WARN_UNINITIALIZED_AUTOS = YES_AGGRESSIVE;
				GCC_WARN_UNUSED_FUNCTION = YES;
				GCC_WARN_UNUSED_VARIABLE = YES;
				IPHONEOS_DEPLOYMENT_TARGET = 17.0;
				MTL_FAST_MATH = YES;
				SDKROOT = iphoneos;
				SWIFT_COMPILATION_MODE = wholemodule;
				SWIFT_VERSION = 5.0;
				VALIDATE_PRODUCT = YES;
			};
			name = Release;
		};
		B3000003 /* Debug */ = {
			isa = XCBuildConfiguration;
			buildSettings = {
				ASSETCATALOG_COMPILER_APPICON_NAME = AppIcon;
				CODE_SIGN_STYLE = Automatic;
				CURRENT_PROJECT_VERSION = 1;
				GENERATE_INFOPLIST_FILE = YES;
				INFOPLIST_KEY_CFBundleDisplayName = "Pose Prompter";
				INFOPLIST_KEY_UIApplicationSceneManifest_Generation = YES;
				INFOPLIST_KEY_UIApplicationSupportsIndirectInputEvents = YES;
				INFOPLIST_KEY_UILaunchScreen_Generation = YES;
					INFOPLIST_KEY_UISupportedInterfaceOrientations_iPad = "UIInterfaceOrientationPortrait UIInterfaceOrientationPortraitUpsideDown UIInterfaceOrientationLandscapeLeft UIInterfaceOrientationLandscapeRight";
					INFOPLIST_KEY_UISupportedInterfaceOrientations_iPhone = "UIInterfaceOrientationPortrait UIInterfaceOrientationLandscapeLeft UIInterfaceOrientationLandscapeRight";
					INFOPLIST_KEY_UIStatusBarStyle = UIStatusBarStyleLightContent;
					INFOPLIST_KEY_API_BASE_URL = "http://127.0.0.1:3001";
					IPHONEOS_DEPLOYMENT_TARGET = 17.0;
				LD_RUNPATH_SEARCH_PATHS = (
					"$(inherited)",
					"@executable_path/Frameworks",
				);
				MARKETING_VERSION = 1.0;
				PRODUCT_BUNDLE_IDENTIFIER = com.poseprompt.studio;
				PRODUCT_NAME = "$(TARGET_NAME)";
				SWIFT_EMIT_LOC_STRINGS = YES;
				SWIFT_VERSION = 5.0;
				TARGETED_DEVICE_FAMILY = "1,2";
			};
			name = Debug;
		};
		B3000004 /* Release */ = {
			isa = XCBuildConfiguration;
			buildSettings = {
				ASSETCATALOG_COMPILER_APPICON_NAME = AppIcon;
				CODE_SIGN_STYLE = Automatic;
				CURRENT_PROJECT_VERSION = 1;
				GENERATE_INFOPLIST_FILE = YES;
				INFOPLIST_KEY_CFBundleDisplayName = "Pose Prompter";
				INFOPLIST_KEY_UIApplicationSceneManifest_Generation = YES;
				INFOPLIST_KEY_UIApplicationSupportsIndirectInputEvents = YES;
				INFOPLIST_KEY_UILaunchScreen_Generation = YES;
					INFOPLIST_KEY_UISupportedInterfaceOrientations_iPad = "UIInterfaceOrientationPortrait UIInterfaceOrientationPortraitUpsideDown UIInterfaceOrientationLandscapeLeft UIInterfaceOrientationLandscapeRight";
					INFOPLIST_KEY_UISupportedInterfaceOrientations_iPhone = "UIInterfaceOrientationPortrait UIInterfaceOrientationLandscapeLeft UIInterfaceOrientationLandscapeRight";
					INFOPLIST_KEY_UIStatusBarStyle = UIStatusBarStyleLightContent;
					INFOPLIST_KEY_API_BASE_URL = "https://api.poseprompter.com";
					IPHONEOS_DEPLOYMENT_TARGET = 17.0;
				LD_RUNPATH_SEARCH_PATHS = (
					"$(inherited)",
					"@executable_path/Frameworks",
				);
				MARKETING_VERSION = 1.0;
				PRODUCT_BUNDLE_IDENTIFIER = com.poseprompt.studio;
				PRODUCT_NAME = "$(TARGET_NAME)";
				SWIFT_EMIT_LOC_STRINGS = YES;
				SWIFT_VERSION = 5.0;
				TARGETED_DEVICE_FAMILY = "1,2";
			};
			name = Release;
		};
		B3100001 /* Debug */ = {
			isa = XCBuildConfiguration;
			buildSettings = {
				ASSETCATALOG_COMPILER_GLOBAL_ACCENT_COLOR_NAME = AccentColor;
				ASSETCATALOG_COMPILER_WIDGET_BACKGROUND_COLOR_NAME = WidgetBackground;
				CODE_SIGN_STYLE = Automatic;
				CURRENT_PROJECT_VERSION = 1;
				GENERATE_INFOPLIST_FILE = YES;
				INFOPLIST_FILE = PosePrompterWidget/Info.plist;
				INFOPLIST_KEY_CFBundleDisplayName = "Pose Prompter Widget";
				INFOPLIST_KEY_NSHumanReadableCopyright = "";
				IPHONEOS_DEPLOYMENT_TARGET = 17.0;
				LD_RUNPATH_SEARCH_PATHS = (
					"$(inherited)",
					"@executable_path/Frameworks",
					"@executable_path/../../Frameworks",
				);
				MARKETING_VERSION = 1.0;
				PRODUCT_BUNDLE_IDENTIFIER = com.poseprompt.studio.PosePrompterWidget;
				PRODUCT_NAME = "$(TARGET_NAME)";
				SKIP_INSTALL = YES;
				SWIFT_EMIT_LOC_STRINGS = YES;
				SWIFT_VERSION = 5.0;
				TARGETED_DEVICE_FAMILY = "1,2";
			};
			name = Debug;
		};
		B3100002 /* Release */ = {
			isa = XCBuildConfiguration;
			buildSettings = {
				ASSETCATALOG_COMPILER_GLOBAL_ACCENT_COLOR_NAME = AccentColor;
				ASSETCATALOG_COMPILER_WIDGET_BACKGROUND_COLOR_NAME = WidgetBackground;
				CODE_SIGN_STYLE = Automatic;
				CURRENT_PROJECT_VERSION = 1;
				GENERATE_INFOPLIST_FILE = YES;
				INFOPLIST_FILE = PosePrompterWidget/Info.plist;
				INFOPLIST_KEY_CFBundleDisplayName = "Pose Prompter Widget";
				INFOPLIST_KEY_NSHumanReadableCopyright = "";
				IPHONEOS_DEPLOYMENT_TARGET = 17.0;
				LD_RUNPATH_SEARCH_PATHS = (
					"$(inherited)",
					"@executable_path/Frameworks",
					"@executable_path/../../Frameworks",
				);
				MARKETING_VERSION = 1.0;
				PRODUCT_BUNDLE_IDENTIFIER = com.poseprompt.studio.PosePrompterWidget;
				PRODUCT_NAME = "$(TARGET_NAME)";
				SKIP_INSTALL = YES;
				SWIFT_EMIT_LOC_STRINGS = YES;
				SWIFT_VERSION = 5.0;
				TARGETED_DEVICE_FAMILY = "1,2";
			};
			name = Release;
		};
/* End XCBuildConfiguration section */

/* Begin XCConfigurationList section */
		B1000001 /* Build configuration list for PBXNativeTarget "PosePrompterApp" */ = {
			isa = XCConfigurationList;
			buildConfigurations = (
				B3000003 /* Debug */,
				B3000004 /* Release */,
			);
			defaultConfigurationIsVisible = 0;
			defaultConfigurationName = Release;
		};
		B1000002 /* Build configuration list for PBXProject "PosePrompterApp" */ = {
			isa = XCConfigurationList;
			buildConfigurations = (
				B3000001 /* Debug */,
				B3000002 /* Release */,
			);
			defaultConfigurationIsVisible = 0;
			defaultConfigurationName = Release;
		};
		B1100001 /* Build configuration list for PBXNativeTarget "PosePrompterWidgetExtension" */ = {
			isa = XCConfigurationList;
			buildConfigurations = (
				B3100001 /* Debug */,
				B3100002 /* Release */,
			);
			defaultConfigurationIsVisible = 0;
			defaultConfigurationName = Release;
		};
/* End XCConfigurationList section */

	};
	rootObject = B2000001 /* Project object */;
}
